
Microsoft Visual Studio Solution File, Format Version 12.00
# Visual Studio Version 17
VisualStudioVersion = 17.13.35931.197 d17.13
MinimumVisualStudioVersion = 10.0.40219.1
Project("{FAE04EC0-301F-11D3-BF4B-00C04F79EFBC}") = "SharePost", "SharePost\SharePost.csproj", "{8726EC46-483C-40D3-A718-5D59DD9B43BF}"
EndProject
Global
	GlobalSection(SolutionConfigurationPlatforms) = preSolution
		Debug|Any CPU = Debug|Any CPU
		Release|Any CPU = Release|Any CPU
	EndGlobalSection
	GlobalSection(ProjectConfigurationPlatforms) = postSolution
		{8726EC46-483C-40D3-A718-5D59DD9B43BF}.Debug|Any CPU.ActiveCfg = Debug|Any CPU
		{8726EC46-483C-40D3-A718-5D59DD9B43BF}.Debug|Any CPU.Build.0 = Debug|Any CPU
		{8726EC46-483C-40D3-A718-5D59DD9B43BF}.Release|Any CPU.ActiveCfg = Release|Any CPU
		{8726EC46-483C-40D3-A718-5D59DD9B43BF}.Release|Any CPU.Build.0 = Release|Any CPU
	EndGlobalSection
	GlobalSection(SolutionProperties) = preSolution
		HideSolutionNode = FALSE
	EndGlobalSection
	GlobalSection(ExtensibilityGlobals) = postSolution
		SolutionGuid = {6E36D022-D7CE-4A71-8E54-3A670FC5CFAB}
	EndGlobalSection
EndGlobal
